// !$*UTF8*$!
{
	archiveVersion = 1;
	classes = {
	};
	objectVersion = 50;
	objects = {

/* Begin PBXBuildFile section */
		488E893E22A7CF25002D7BAE /* AppDelegate.swift in Sources */ = {isa = PBXBuildFile; fileRef = 488E893D22A7CF25002D7BAE /* AppDelegate.swift */; };
		488E894022A7CF25002D7BAE /* WelcomeVC.swift in Sources */ = {isa = PBXBuildFile; fileRef = 488E893F22A7CF25002D7BAE /* WelcomeVC.swift */; };
		488E894322A7CF25002D7BAE /* Main.storyboard in Resources */ = {isa = PBXBuildFile; fileRef = 488E894122A7CF25002D7BAE /* Main.storyboard */; };
		488E894522A7CF28002D7BAE /* Assets.xcassets in Resources */ = {isa = PBXBuildFile; fileRef = 488E894422A7CF28002D7BAE /* Assets.xcassets */; };
		488E894822A7CF28002D7BAE /* LaunchScreen.storyboard in Resources */ = {isa = PBXBuildFile; fileRef = 488E894622A7CF28002D7BAE /* LaunchScreen.storyboard */; };
		488E895122A7DC8B002D7BAE /* BorderButton.swift in Sources */ = {isa = PBXBuildFile; fileRef = 488E895022A7DC8B002D7BAE /* BorderButton.swift */; };
		488E895822A90ED5002D7BAE /* LeagueVC.swift in Sources */ = {isa = PBXBuildFile; fileRef = 488E895722A90ED5002D7BAE /* LeagueVC.swift */; };
		488E895A22A90EF9002D7BAE /* SkillVC.swift in Sources */ = {isa = PBXBuildFile; fileRef = 488E895922A90EF9002D7BAE /* SkillVC.swift */; };
/* End PBXBuildFile section */

/* Begin PBXFileReference section */
		488E893A22A7CF25002D7BAE /* app-swoosh.app */ = {isa = PBXFileReference; explicitFileType = wrapper.application; includeInIndex = 0; path = "app-swoosh.app"; sourceTree = BUILT_PRODUCTS_DIR; };
		488E893D22A7CF25002D7BAE /* AppDelegate.swift */ = {isa = PBXFileReference; lastKnownFileType = sourcecode.swift; path = AppDelegate.swift; sourceTree = "<group>"; };
		488E893F22A7CF25002D7BAE /* WelcomeVC.swift */ = {isa = PBXFileReference; lastKnownFileType = sourcecode.swift; path = WelcomeVC.swift; sourceTree = "<group>"; };
		488E894222A7CF25002D7BAE /* Base */ = {isa = PBXFileReference; lastKnownFileType = file.storyboard; name = Base; path = Base.lproj/Main.storyboard; sourceTree = "<group>"; };
		488E894422A7CF28002D7BAE /* Assets.xcassets */ = {isa = PBXFileReference; lastKnownFileType = folder.assetcatalog; path = Assets.xcassets; sourceTree = "<group>"; };
		488E894722A7CF28002D7BAE /* Base */ = {isa = PBXFileReference; lastKnownFileType = file.storyboard; name = Base; path = Base.lproj/LaunchScreen.storyboard; sourceTree = "<group>"; };
		488E894922A7CF28002D7BAE /* Info.plist */ = {isa = PBXFileReference; lastKnownFileType = text.plist.xml; path = Info.plist; sourceTree = "<group>"; };
		488E895022A7DC8B002D7BAE /* BorderButton.swift */ = {isa = PBXFileReference; lastKnownFileType = sourcecode.swift; path = BorderButton.swift; sourceTree = "<group>"; };
		488E895722A90ED5002D7BAE /* LeagueVC.swift */ = {isa = PBXFileReference; lastKnownFileType = sourcecode.swift; path = LeagueVC.swift; sourceTree = "<group>"; };
		488E895922A90EF9002D7BAE /* SkillVC.swift */ = {isa = PBXFileReference; lastKnownFileType = sourcecode.swift; path = SkillVC.swift; sourceTree = "<group>"; };
/* End PBXFileReference section */

/* Begin PBXFrameworksBuildPhase section */
		488E893722A7CF25002D7BAE /* Frameworks */ = {
			isa = PBXFrameworksBuildPhase;
			buildActionMask = 2147483647;
			files = (
			);
			runOnlyForDeploymentPostprocessing = 0;
		};
/* End PBXFrameworksBuildPhase section */

/* Begin PBXGroup section */
		488E893122A7CF25002D7BAE = {
			isa = PBXGroup;
			children = (
				488E893C22A7CF25002D7BAE /* app-swoosh */,
				488E893B22A7CF25002D7BAE /* Products */,
			);
			sourceTree = "<group>";
		};
		488E893B22A7CF25002D7BAE /* Products */ = {
			isa = PBXGroup;
			children = (
				488E893A22A7CF25002D7BAE /* app-swoosh.app */,
			);
			name = Products;
			sourceTree = "<group>";
		};
		488E893C22A7CF25002D7BAE /* app-swoosh */ = {
			isa = PBXGroup;
			children = (
				488E895622A83A97002D7BAE /* Model */,
				488E895522A83A88002D7BAE /* Controller */,
				488E894F22A7DC08002D7BAE /* View */,
				488E893D22A7CF25002D7BAE /* AppDelegate.swift */,
				488E894122A7CF25002D7BAE /* Main.storyboard */,
				488E894422A7CF28002D7BAE /* Assets.xcassets */,
				488E894622A7CF28002D7BAE /* LaunchScreen.storyboard */,
				488E894922A7CF28002D7BAE /* Info.plist */,
			);
			path = "app-swoosh";
			sourceTree = "<group>";
		};
		488E894F22A7DC08002D7BAE /* View */ = {
			isa = PBXGroup;
			children = (
				488E895022A7DC8B002D7BAE /* BorderButton.swift */,
			);
			path = View;
			sourceTree = "<group>";
		};
		488E895522A83A88002D7BAE /* Controller */ = {
			isa = PBXGroup;
			children = (
				488E893F22A7CF25002D7BAE /* WelcomeVC.swift */,
				488E895722A90ED5002D7BAE /* LeagueVC.swift */,
				488E895922A90EF9002D7BAE /* SkillVC.swift */,
			);
			path = Controller;
			sourceTree = "<group>";
		};
		488E895622A83A97002D7BAE /* Model */ = {
			isa = PBXGroup;
			children = (
			);
			path = Model;
			sourceTree = "<group>";
		};
/* End PBXGroup section */

/* Begin PBXNativeTarget section */
		488E893922A7CF25002D7BAE /* app-swoosh */ = {
			isa = PBXNativeTarget;
			buildConfigurationList = 488E894C22A7CF28002D7BAE /* Build configuration list for PBXNativeTarget "app-swoosh" */;
			buildPhases = (
				488E893622A7CF25002D7BAE /* Sources */,
				488E893722A7CF25002D7BAE /* Frameworks */,
				488E893822A7CF25002D7BAE /* Resources */,
			);
			buildRules = (
			);
			dependencies = (
			);
			name = "app-swoosh";
			productName = "app-swoosh";
			productReference = 488E893A22A7CF25002D7BAE /* app-swoosh.app */;
			productType = "com.apple.product-type.application";
		};
/* End PBXNativeTarget section */

/* Begin PBXProject section */
		488E893222A7CF25002D7BAE /* Project object */ = {
			isa = PBXProject;
			attributes = {
				LastSwiftUpdateCheck = 1020;
				LastUpgradeCheck = 1020;
				ORGANIZATIONNAME = "Armand Chariot";
				TargetAttributes = {
					488E893922A7CF25002D7BAE = {
						CreatedOnToolsVersion = 10.2.1;
					};
				};
			};
			buildConfigurationList = 488E893522A7CF25002D7BAE /* Build configuration list for PBXProject "app-swoosh" */;
			compatibilityVersion = "Xcode 9.3";
			developmentRegion = en;
			hasScannedForEncodings = 0;
			knownRegions = (
				en,
				Base,
			);
			mainGroup = 488E893122A7CF25002D7BAE;
			productRefGroup = 488E893B22A7CF25002D7BAE /* Products */;
			projectDirPath = "";
			projectRoot = "";
			targets = (
				488E893922A7CF25002D7BAE /* app-swoosh */,
			);
		};
/* End PBXProject section */

/* Begin PBXResourcesBuildPhase section */
		488E893822A7CF25002D7BAE /* Resources */ = {
			isa = PBXResourcesBuildPhase;
			buildActionMask = 2147483647;
			files = (
				488E894822A7CF28002D7BAE /* LaunchScreen.storyboard in Resources */,
				488E894522A7CF28002D7BAE /* Assets.xcassets in Resources */,
				488E894322A7CF25002D7BAE /* Main.storyboard in Resources */,
			);
			runOnlyForDeploymentPostprocessing = 0;
		};
/* End PBXResourcesBuildPhase section */

/* Begin PBXSourcesBuildPhase section */
		488E893622A7CF25002D7BAE /* Sources */ = {
			isa = PBXSourcesBuildPhase;
			buildActionMask = 2147483647;
			files = (
				488E894022A7CF25002D7BAE /* WelcomeVC.swift in Sources */,
				488E895822A90ED5002D7BAE /* LeagueVC.swift in Sources */,
				488E893E22A7CF25002D7BAE /* AppDelegate.swift in Sources */,
				488E895A22A90EF9002D7BAE /* SkillVC.swift in Sources */,
				488E895122A7DC8B002D7BAE /* BorderButton.swift in Sources */,
			);
			runOnlyForDeploymentPostprocessing = 0;
		};
/* End PBXSourcesBuildPhase section */

/* Begin PBXVariantGroup section */
		488E894122A7CF25002D7BAE /* Main.storyboard */ = {
			isa = PBXVariantGroup;
			children = (
				488E894222A7CF25002D7BAE /* Base */,
			);
			name = Main.storyboard;
			sourceTree = "<group>";
		};
		488E894622A7CF28002D7BAE /* LaunchScreen.storyboard */ = {
			isa = PBXVariantGroup;
			children = (
				488E894722A7CF28002D7BAE /* Base */,
			);
			name = LaunchScreen.storyboard;
			sourceTree = "<group>";
		};
/* End PBXVariantGroup section */

/* Begin XCBuildConfiguration section */
		488E894A22A7CF28002D7BAE /* Debug */ = {
			isa = XCBuildConfiguration;
			buildSettings = {
				ALWAYS_SEARCH_USER_PATHS = NO;
				CLANG_ANALYZER_NONNULL = YES;
				CLANG_ANALYZER_NUMBER_OBJECT_CONVERSION = YES_AGGRESSIVE;
				CLANG_CXX_LANGUAGE_STANDARD = "gnu++14";
				CLANG_CXX_LIBRARY = "libc++";
				CLANG_ENABLE_MODULES = YES;
				CLANG_ENABLE_OBJC_ARC = YES;
				CLANG_ENABLE_OBJC_WEAK = YES;
				CLANG_WARN_BLOCK_CAPTURE_AUTORELEASING = YES;
				CLANG_WARN_BOOL_CONVERSION = YES;
				CLANG_WARN_COMMA = YES;
				CLANG_WARN_CONSTANT_CONVERSION = YES;
				CLANG_WARN_DEPRECATED_OBJC_IMPLEMENTATIONS = YES;
				CLANG_WARN_DIRECT_OBJC_ISA_USAGE = YES_ERROR;
				CLANG_WARN_DOCUMENTATION_COMMENTS = YES;
				CLANG_WARN_EMPTY_BODY = YES;
				CLANG_WARN_ENUM_CONVERSION = YES;
				CLANG_WARN_INFINITE_RECURSION = YES;
				CLANG_WARN_INT_CONVERSION = YES;
				CLANG_WARN_NON_LITERAL_NULL_CONVERSION = YES;
				CLANG_WARN_OBJC_IMPLICIT_RETAIN_SELF = YES;
				CLANG_WARN_OBJC_LITERAL_CONVERSION = YES;
				CLANG_WARN_OBJC_ROOT_CLASS = YES_ERROR;
				CLANG_WARN_RANGE_LOOP_ANALYSIS = YES;
				CLANG_WARN_STRICT_PROTOTYPES = YES;
				CLANG_WARN_SUSPICIOUS_MOVE = YES;
				CLANG_WARN_UNGUARDED_AVAILABILITY = YES_AGGRESSIVE;
				CLANG_WARN_UNREACHABLE_CODE = YES;
				CLANG_WARN__DUPLICATE_METHOD_MATCH = YES;
				CODE_SIGN_IDENTITY = "iPhone Developer";
				COPY_PHASE_STRIP = NO;
				DEBUG_INFORMATION_FORMAT = dwarf;
				ENABLE_STRICT_OBJC_MSGSEND = YES;
				ENABLE_TESTABILITY = YES;
				GCC_C_LANGUAGE_STANDARD = gnu11;
				GCC_DYNAMIC_NO_PIC = NO;
				GCC_NO_COMMON_BLOCKS = YES;
				GCC_OPTIMIZATION_LEVEL = 0;
				GCC_PREPROCESSOR_DEFINITIONS = (
					"DEBUG=1",
					"$(inherited)",
				);
				GCC_WARN_64_TO_32_BIT_CONVERSION = YES;
				GCC_WARN_ABOUT_RETURN_TYPE = YES_ERROR;
				GCC_WARN_UNDECLARED_SELECTOR = YES;
				GCC_WARN_UNINITIALIZED_AUTOS = YES_AGGRESSIVE;
				GCC_WARN_UNUSED_FUNCTION = YES;
				GCC_WARN_UNUSED_VARIABLE = YES;
				IPHONEOS_DEPLOYMENT_TARGET = 12.2;
				MTL_ENABLE_DEBUG_INFO = INCLUDE_SOURCE;
				MTL_FAST_MATH = YES;
				ONLY_ACTIVE_ARCH = YES;
				SDKROOT = iphoneos;
				SWIFT_ACTIVE_COMPILATION_CONDITIONS = DEBUG;
				SWIFT_OPTIMIZATION_LEVEL = "-Onone";
			};
			name = Debug;
		};
		488E894B22A7CF28002D7BAE /* Release */ = {
			isa = XCBuildConfiguration;
			buildSettings = {
				ALWAYS_SEARCH_USER_PATHS = NO;
				CLANG_ANALYZER_NONNULL = YES;
				CLANG_ANALYZER_NUMBER_OBJECT_CONVERSION = YES_AGGRESSIVE;
				CLANG_CXX_LANGUAGE_STANDARD = "gnu++14";
				CLANG_CXX_LIBRARY = "libc++";
				CLANG_ENABLE_MODULES = YES;
				CLANG_ENABLE_OBJC_ARC = YES;
				CLANG_ENABLE_OBJC_WEAK = YES;
				CLANG_WARN_BLOCK_CAPTURE_AUTORELEASING = YES;
				CLANG_WARN_BOOL_CONVERSION = YES;
				CLANG_WARN_COMMA = YES;
				CLANG_WARN_CONSTANT_CONVERSION = YES;
				CLANG_WARN_DEPRECATED_OBJC_IMPLEMENTATIONS = YES;
				CLANG_WARN_DIRECT_OBJC_ISA_USAGE = YES_ERROR;
				CLANG_WARN_DOCUMENTATION_COMMENTS = YES;
				CLANG_WARN_EMPTY_BODY = YES;
				CLANG_WARN_ENUM_CONVERSION = YES;
				CLANG_WARN_INFINITE_RECURSION = YES;
				CLANG_WARN_INT_CONVERSION = YES;
				CLANG_WARN_NON_LITERAL_NULL_CONVERSION = YES;
				CLANG_WARN_OBJC_IMPLICIT_RETAIN_SELF = YES;
				CLANG_WARN_OBJC_LITERAL_CONVERSION = YES;
				CLANG_WARN_OBJC_ROOT_CLASS = YES_ERROR;
				CLANG_WARN_RANGE_LOOP_ANALYSIS = YES;
				CLANG_WARN_STRICT_PROTOTYPES = YES;
				CLANG_WARN_SUSPICIOUS_MOVE = YES;
				CLANG_WARN_UNGUARDED_AVAILABILITY = YES_AGGRESSIVE;
				CLANG_WARN_UNREACHABLE_CODE = YES;
				CLANG_WARN__DUPLICATE_METHOD_MATCH = YES;
				CODE_SIGN_IDENTITY = "iPhone Developer";
				COPY_PHASE_STRIP = NO;
				DEBUG_INFORMATION_FORMAT = "dwarf-with-dsym";
				ENABLE_NS_ASSERTIONS = NO;
				ENABLE_STRICT_OBJC_MSGSEND = YES;
				GCC_C_LANGUAGE_STANDARD = gnu11;
				GCC_NO_COMMON_BLOCKS = YES;
				GCC_WARN_64_TO_32_BIT_CONVERSION = YES;
				GCC_WARN_ABOUT_RETURN_TYPE = YES_ERROR;
				GCC_WARN_UNDECLARED_SELECTOR = YES;
				GCC_WARN_UNINITIALIZED_AUTOS = YES_AGGRESSIVE;
				GCC_WARN_UNUSED_FUNCTION = YES;
				GCC_WARN_UNUSED_VARIABLE = YES;
				IPHONEOS_DEPLOYMENT_TARGET = 12.2;
				MTL_ENABLE_DEBUG_INFO = NO;
				MTL_FAST_MATH = YES;
				SDKROOT = iphoneos;
				SWIFT_COMPILATION_MODE = wholemodule;
				SWIFT_OPTIMIZATION_LEVEL = "-O";
				VALIDATE_PRODUCT = YES;
			};
			name = Release;
		};
		488E894D22A7CF28002D7BAE /* Debug */ = {
			isa = XCBuildConfiguration;
			buildSettings = {
				ASSETCATALOG_COMPILER_APPICON_NAME = AppIcon;
				CODE_SIGN_STYLE = Automatic;
				INFOPLIST_FILE = "app-swoosh/Info.plist";
				LD_RUNPATH_SEARCH_PATHS = (
					"$(inherited)",
					"@executable_path/Frameworks",
				);
				PRODUCT_BUNDLE_IDENTIFIER = "armani33.app-swoosh";
				PRODUCT_NAME = "$(TARGET_NAME)";
				SWIFT_VERSION = 5.0;
				TARGETED_DEVICE_FAMILY = "1,2";
			};
			name = Debug;
		};
		488E894E22A7CF28002D7BAE /* Release */ = {
			isa = XCBuildConfiguration;
			buildSettings = {
				ASSETCATALOG_COMPILER_APPICON_NAME = AppIcon;
				CODE_SIGN_STYLE = Automatic;
				INFOPLIST_FILE = "app-swoosh/Info.plist";
				LD_RUNPATH_SEARCH_PATHS = (
					"$(inherited)",
					"@executable_path/Frameworks",
				);
				PRODUCT_BUNDLE_IDENTIFIER = "armani33.app-swoosh";
				PRODUCT_NAME = "$(TARGET_NAME)";
				SWIFT_VERSION = 5.0;
				TARGETED_DEVICE_FAMILY = "1,2";
			};
			name = Release;
		};
/* End XCBuildConfiguration section */

/* Begin XCConfigurationList section */
		488E893522A7CF25002D7BAE /* Build configuration list for PBXProject "app-swoosh" */ = {
			isa = XCConfigurationList;
			buildConfigurations = (
				488E894A22A7CF28002D7BAE /* Debug */,
				488E894B22A7CF28002D7BAE /* Release */,
			);
			defaultConfigurationIsVisible = 0;
			defaultConfigurationName = Release;
		};
		488E894C22A7CF28002D7BAE /* Build configuration list for PBXNativeTarget "app-swoosh" */ = {
			isa = XCConfigurationList;
			buildConfigurations = (
				488E894D22A7CF28002D7BAE /* Debug */,
				488E894E22A7CF28002D7BAE /* Release */,
			);
			defaultConfigurationIsVisible = 0;
			defaultConfigurationName = Release;
		};
/* End XCConfigurationList section */
	};
	rootObject = 488E893222A7CF25002D7BAE /* Project object */;
}
